
Microsoft Visual Studio Solution File, Format Version 12.00
# Visual Studio 15
VisualStudioVersion = 15.0.27703.2018
MinimumVisualStudioVersion = 10.0.40219.1
Project("{FAE04EC0-301F-11D3-BF4B-00C04F79EFBC}") = "MajesticAnalyzer", "MajesticAnalyzer\MajesticAnalyzer.csproj", "{731CD726-89A3-4C43-A8BB-87A412AFD133}"
EndProject
Project("{FAE04EC0-301F-11D3-BF4B-00C04F79EFBC}") = "MajesticAnalyzer.Tests", "MajesticAnalyzer.Tests\MajesticAnalyzer.Tests.csproj", "{427AD4A2-604C-4E41-AA44-8CA14AF07322}"
EndProject
Project("{FAE04EC0-301F-11D3-BF4B-00C04F79EFBC}") = "MajesticAnalyzer.IntegrationTests", "MajesticAnalyzer.IntegrationTests\MajesticAnalyzer.IntegrationTests.csproj", "{5CD86B5B-4739-4AF0-BB34-7857FA71AB28}"
EndProject
Global
	GlobalSection(SolutionConfigurationPlatforms) = preSolution
		Debug|Any CPU = Debug|Any CPU
		Release|Any CPU = Release|Any CPU
	EndGlobalSection
	GlobalSection(ProjectConfigurationPlatforms) = postSolution
		{731CD726-89A3-4C43-A8BB-87A412AFD133}.Debug|Any CPU.ActiveCfg = Debug|Any CPU
		{731CD726-89A3-4C43-A8BB-87A412AFD133}.Debug|Any CPU.Build.0 = Debug|Any CPU
		{731CD726-89A3-4C43-A8BB-87A412AFD133}.Release|Any CPU.ActiveCfg = Release|Any CPU
		{731CD726-89A3-4C43-A8BB-87A412AFD133}.Release|Any CPU.Build.0 = Release|Any CPU
		{427AD4A2-604C-4E41-AA44-8CA14AF07322}.Debug|Any CPU.ActiveCfg = Debug|Any CPU
		{427AD4A2-604C-4E41-AA44-8CA14AF07322}.Debug|Any CPU.Build.0 = Debug|Any CPU
		{427AD4A2-604C-4E41-AA44-8CA14AF07322}.Release|Any CPU.ActiveCfg = Release|Any CPU
		{427AD4A2-604C-4E41-AA44-8CA14AF07322}.Release|Any CPU.Build.0 = Release|Any CPU
		{5CD86B5B-4739-4AF0-BB34-7857FA71AB28}.Debug|Any CPU.ActiveCfg = Debug|Any CPU
		{5CD86B5B-4739-4AF0-BB34-7857FA71AB28}.Debug|Any CPU.Build.0 = Debug|Any CPU
		{5CD86B5B-4739-4AF0-BB34-7857FA71AB28}.Release|Any CPU.ActiveCfg = Release|Any CPU
		{5CD86B5B-4739-4AF0-BB34-7857FA71AB28}.Release|Any CPU.Build.0 = Release|Any CPU
	EndGlobalSection
	GlobalSection(SolutionProperties) = preSolution
		HideSolutionNode = FALSE
	EndGlobalSection
	GlobalSection(ExtensibilityGlobals) = postSolution
		SolutionGuid = {4793870A-BF5F-4F17-83BB-9A3F479737DA}
	EndGlobalSection
EndGlobal
